
Microsoft Visual Studio Solution File, Format Version 11.00
# Visual Studio 2010
Project("{FAE04EC0-301F-11D3-BF4B-00C04F79EFBC}") = "day4", "Assembly-CSharp.csproj", "{A606F60B-991F-34BD-979F-04B15DC43E14}"
EndProject
Project("{FAE04EC0-301F-11D3-BF4B-00C04F79EFBC}") = "day4", "Assembly-CSharp-Editor.csproj", "{D4346191-F13B-231B-DB2E-3827172956F9}"
EndProject
Global
	GlobalSection(SolutionConfigurationPlatforms) = preSolution
		Debug|Any CPU = Debug|Any CPU
		Release|Any CPU = Release|Any CPU
	EndGlobalSection
	GlobalSection(ProjectConfigurationPlatforms) = postSolution
		{A606F60B-991F-34BD-979F-04B15DC43E14}.Debug|Any CPU.ActiveCfg = Debug|Any CPU
		{A606F60B-991F-34BD-979F-04B15DC43E14}.Debug|Any CPU.Build.0 = Debug|Any CPU
		{A606F60B-991F-34BD-979F-04B15DC43E14}.Release|Any CPU.ActiveCfg = Release|Any CPU
		{A606F60B-991F-34BD-979F-04B15DC43E14}.Release|Any CPU.Build.0 = Release|Any CPU
		{D4346191-F13B-231B-DB2E-3827172956F9}.Debug|Any CPU.ActiveCfg = Debug|Any CPU
		{D4346191-F13B-231B-DB2E-3827172956F9}.Debug|Any CPU.Build.0 = Debug|Any CPU
		{D4346191-F13B-231B-DB2E-3827172956F9}.Release|Any CPU.ActiveCfg = Release|Any CPU
		{D4346191-F13B-231B-DB2E-3827172956F9}.Release|Any CPU.Build.0 = Release|Any CPU
	EndGlobalSection
	GlobalSection(SolutionProperties) = preSolution
		HideSolutionNode = FALSE
	EndGlobalSection
	GlobalSection(MonoDevelopProperties) = preSolution
		StartupItem = Assembly-CSharp.csproj
	EndGlobalSection
EndGlobal
