
Microsoft Visual Studio Solution File, Format Version 11.00
# Visual Studio 2010
Project("{FAE04EC0-301F-11D3-BF4B-00C04F79EFBC}") = "day 7", "Assembly-CSharp-firstpass.csproj", "{1680F09D-5E04-3700-C7E4-95CC65704EF6}"
EndProject
Project("{FAE04EC0-301F-11D3-BF4B-00C04F79EFBC}") = "day 7", "Assembly-CSharp.csproj", "{66C67C40-D909-524E-E510-3D96FF613635}"
EndProject
Project("{FAE04EC0-301F-11D3-BF4B-00C04F79EFBC}") = "day 7", "Assembly-CSharp-Editor-firstpass.csproj", "{F7D3CAEE-F328-1DD9-B156-2DB0E80529A7}"
EndProject
Global
	GlobalSection(SolutionConfigurationPlatforms) = preSolution
		Debug|Any CPU = Debug|Any CPU
		Release|Any CPU = Release|Any CPU
	EndGlobalSection
	GlobalSection(ProjectConfigurationPlatforms) = postSolution
		{1680F09D-5E04-3700-C7E4-95CC65704EF6}.Debug|Any CPU.ActiveCfg = Debug|Any CPU
		{1680F09D-5E04-3700-C7E4-95CC65704EF6}.Debug|Any CPU.Build.0 = Debug|Any CPU
		{1680F09D-5E04-3700-C7E4-95CC65704EF6}.Release|Any CPU.ActiveCfg = Release|Any CPU
		{1680F09D-5E04-3700-C7E4-95CC65704EF6}.Release|Any CPU.Build.0 = Release|Any CPU
		{66C67C40-D909-524E-E510-3D96FF613635}.Debug|Any CPU.ActiveCfg = Debug|Any CPU
		{66C67C40-D909-524E-E510-3D96FF613635}.Debug|Any CPU.Build.0 = Debug|Any CPU
		{66C67C40-D909-524E-E510-3D96FF613635}.Release|Any CPU.ActiveCfg = Release|Any CPU
		{66C67C40-D909-524E-E510-3D96FF613635}.Release|Any CPU.Build.0 = Release|Any CPU
		{F7D3CAEE-F328-1DD9-B156-2DB0E80529A7}.Debug|Any CPU.ActiveCfg = Debug|Any CPU
		{F7D3CAEE-F328-1DD9-B156-2DB0E80529A7}.Debug|Any CPU.Build.0 = Debug|Any CPU
		{F7D3CAEE-F328-1DD9-B156-2DB0E80529A7}.Release|Any CPU.ActiveCfg = Release|Any CPU
		{F7D3CAEE-F328-1DD9-B156-2DB0E80529A7}.Release|Any CPU.Build.0 = Release|Any CPU
	EndGlobalSection
	GlobalSection(SolutionProperties) = preSolution
		HideSolutionNode = FALSE
	EndGlobalSection
	GlobalSection(MonoDevelopProperties) = preSolution
		StartupItem = Assembly-CSharp.csproj
	EndGlobalSection
EndGlobal
